// !$*UTF8*$!
{
	archiveVersion = 1;
	classes = {
	};
	objectVersion = 56;
	objects = {

/* Begin PBXBuildFile section */
		5B6E0CF729F6D588000AB57E /* AppDelegate.swift in Sources */ = {isa = PBXBuildFile; fileRef = 5B6E0CF629F6D588000AB57E /* AppDelegate.swift */; };
		5B6E0CF929F6D588000AB57E /* SceneDelegate.swift in Sources */ = {isa = PBXBuildFile; fileRef = 5B6E0CF829F6D588000AB57E /* SceneDelegate.swift */; };
		5B6E0D0029F6D589000AB57E /* Assets.xcassets in Resources */ = {isa = PBXBuildFile; fileRef = 5B6E0CFF29F6D589000AB57E /* Assets.xcassets */; };
		5B6E0D0329F6D589000AB57E /* LaunchScreen.storyboard in Resources */ = {isa = PBXBuildFile; fileRef = 5B6E0D0129F6D589000AB57E /* LaunchScreen.storyboard */; };
		5B6E0D0C29F6D775000AB57E /* RootViewController.swift in Sources */ = {isa = PBXBuildFile; fileRef = 5B6E0D0B29F6D775000AB57E /* RootViewController.swift */; };
		5B6E0D0E29F6D842000AB57E /* Coodinator.swift in Sources */ = {isa = PBXBuildFile; fileRef = 5B6E0D0D29F6D842000AB57E /* Coodinator.swift */; };
		5C67C68C2B7E3177EF73BC95 /* Pods_MVVMRxSwiftPractice.framework in Frameworks */ = {isa = PBXBuildFile; fileRef = D170413C2B0A420CDAF3A7FB /* Pods_MVVMRxSwiftPractice.framework */; };
/* End PBXBuildFile section */

/* Begin PBXFileReference section */
		3E0977992D579AE66395755E /* Pods-MVVMRxSwiftPractice.debug.xcconfig */ = {isa = PBXFileReference; includeInIndex = 1; lastKnownFileType = text.xcconfig; name = "Pods-MVVMRxSwiftPractice.debug.xcconfig"; path = "Target Support Files/Pods-MVVMRxSwiftPractice/Pods-MVVMRxSwiftPractice.debug.xcconfig"; sourceTree = "<group>"; };
		5B6E0CF329F6D588000AB57E /* MVVMRxSwiftPractice.app */ = {isa = PBXFileReference; explicitFileType = wrapper.application; includeInIndex = 0; path = MVVMRxSwiftPractice.app; sourceTree = BUILT_PRODUCTS_DIR; };
		5B6E0CF629F6D588000AB57E /* AppDelegate.swift */ = {isa = PBXFileReference; lastKnownFileType = sourcecode.swift; path = AppDelegate.swift; sourceTree = "<group>"; };
		5B6E0CF829F6D588000AB57E /* SceneDelegate.swift */ = {isa = PBXFileReference; lastKnownFileType = sourcecode.swift; path = SceneDelegate.swift; sourceTree = "<group>"; };
		5B6E0CFF29F6D589000AB57E /* Assets.xcassets */ = {isa = PBXFileReference; lastKnownFileType = folder.assetcatalog; path = Assets.xcassets; sourceTree = "<group>"; };
		5B6E0D0229F6D589000AB57E /* Base */ = {isa = PBXFileReference; lastKnownFileType = file.storyboard; name = Base; path = Base.lproj/LaunchScreen.storyboard; sourceTree = "<group>"; };
		5B6E0D0429F6D589000AB57E /* Info.plist */ = {isa = PBXFileReference; lastKnownFileType = text.plist.xml; path = Info.plist; sourceTree = "<group>"; };
		5B6E0D0B29F6D775000AB57E /* RootViewController.swift */ = {isa = PBXFileReference; lastKnownFileType = sourcecode.swift; path = RootViewController.swift; sourceTree = "<group>"; };
		5B6E0D0D29F6D842000AB57E /* Coodinator.swift */ = {isa = PBXFileReference; lastKnownFileType = sourcecode.swift; path = Coodinator.swift; sourceTree = "<group>"; };
		9F8895C8AA1B2E20504EED57 /* Pods-MVVMRxSwiftPractice.release.xcconfig */ = {isa = PBXFileReference; includeInIndex = 1; lastKnownFileType = text.xcconfig; name = "Pods-MVVMRxSwiftPractice.release.xcconfig"; path = "Target Support Files/Pods-MVVMRxSwiftPractice/Pods-MVVMRxSwiftPractice.release.xcconfig"; sourceTree = "<group>"; };
		D170413C2B0A420CDAF3A7FB /* Pods_MVVMRxSwiftPractice.framework */ = {isa = PBXFileReference; explicitFileType = wrapper.framework; includeInIndex = 0; path = Pods_MVVMRxSwiftPractice.framework; sourceTree = BUILT_PRODUCTS_DIR; };
/* End PBXFileReference section */

/* Begin PBXFrameworksBuildPhase section */
		5B6E0CF029F6D588000AB57E /* Frameworks */ = {
			isa = PBXFrameworksBuildPhase;
			buildActionMask = 2147483647;
			files = (
				5C67C68C2B7E3177EF73BC95 /* Pods_MVVMRxSwiftPractice.framework in Frameworks */,
			);
			runOnlyForDeploymentPostprocessing = 0;
		};
/* End PBXFrameworksBuildPhase section */

/* Begin PBXGroup section */
		5B6E0CEA29F6D588000AB57E = {
			isa = PBXGroup;
			children = (
				5B6E0CF529F6D588000AB57E /* MVVMRxSwiftPractice */,
				5B6E0CF429F6D588000AB57E /* Products */,
				982415834657B972E136D103 /* Pods */,
				76E4E6C41D71CD9BC3C7617C /* Frameworks */,
			);
			sourceTree = "<group>";
		};
		5B6E0CF429F6D588000AB57E /* Products */ = {
			isa = PBXGroup;
			children = (
				5B6E0CF329F6D588000AB57E /* MVVMRxSwiftPractice.app */,
			);
			name = Products;
			sourceTree = "<group>";
		};
		5B6E0CF529F6D588000AB57E /* MVVMRxSwiftPractice */ = {
			isa = PBXGroup;
			children = (
				5B6E0D0A29F6D67C000AB57E /* Controllers */,
				5B6E0CF629F6D588000AB57E /* AppDelegate.swift */,
				5B6E0CF829F6D588000AB57E /* SceneDelegate.swift */,
				5B6E0CFF29F6D589000AB57E /* Assets.xcassets */,
				5B6E0D0129F6D589000AB57E /* LaunchScreen.storyboard */,
				5B6E0D0429F6D589000AB57E /* Info.plist */,
				5B6E0D0D29F6D842000AB57E /* Coodinator.swift */,
			);
			path = MVVMRxSwiftPractice;
			sourceTree = "<group>";
		};
		5B6E0D0A29F6D67C000AB57E /* Controllers */ = {
			isa = PBXGroup;
			children = (
				5B6E0D0B29F6D775000AB57E /* RootViewController.swift */,
			);
			path = Controllers;
			sourceTree = "<group>";
		};
		76E4E6C41D71CD9BC3C7617C /* Frameworks */ = {
			isa = PBXGroup;
			children = (
				D170413C2B0A420CDAF3A7FB /* Pods_MVVMRxSwiftPractice.framework */,
			);
			name = Frameworks;
			sourceTree = "<group>";
		};
		982415834657B972E136D103 /* Pods */ = {
			isa = PBXGroup;
			children = (
				3E0977992D579AE66395755E /* Pods-MVVMRxSwiftPractice.debug.xcconfig */,
				9F8895C8AA1B2E20504EED57 /* Pods-MVVMRxSwiftPractice.release.xcconfig */,
			);
			name = Pods;
			path = Pods;
			sourceTree = "<group>";
		};
/* End PBXGroup section */

/* Begin PBXNativeTarget section */
		5B6E0CF229F6D588000AB57E /* MVVMRxSwiftPractice */ = {
			isa = PBXNativeTarget;
			buildConfigurationList = 5B6E0D0729F6D589000AB57E /* Build configuration list for PBXNativeTarget "MVVMRxSwiftPractice" */;
			buildPhases = (
				1CB55EDA85D447A2EDD4FD03 /* [CP] Check Pods Manifest.lock */,
				5B6E0CEF29F6D588000AB57E /* Sources */,
				5B6E0CF029F6D588000AB57E /* Frameworks */,
				5B6E0CF129F6D588000AB57E /* Resources */,
				5F1A0EEBC33BECA7F8AC78B6 /* [CP] Embed Pods Frameworks */,
			);
			buildRules = (
			);
			dependencies = (
			);
			name = MVVMRxSwiftPractice;
			productName = MVVMRxSwiftPractice;
			productReference = 5B6E0CF329F6D588000AB57E /* MVVMRxSwiftPractice.app */;
			productType = "com.apple.product-type.application";
		};
/* End PBXNativeTarget section */

/* Begin PBXProject section */
		5B6E0CEB29F6D588000AB57E /* Project object */ = {
			isa = PBXProject;
			attributes = {
				BuildIndependentTargetsInParallel = 1;
				LastSwiftUpdateCheck = 1430;
				LastUpgradeCheck = 1430;
				TargetAttributes = {
					5B6E0CF229F6D588000AB57E = {
						CreatedOnToolsVersion = 14.3;
					};
				};
			};
			buildConfigurationList = 5B6E0CEE29F6D588000AB57E /* Build configuration list for PBXProject "MVVMRxSwiftPractice" */;
			compatibilityVersion = "Xcode 14.0";
			developmentRegion = en;
			hasScannedForEncodings = 0;
			knownRegions = (
				en,
				Base,
			);
			mainGroup = 5B6E0CEA29F6D588000AB57E;
			productRefGroup = 5B6E0CF429F6D588000AB57E /* Products */;
			projectDirPath = "";
			projectRoot = "";
			targets = (
				5B6E0CF229F6D588000AB57E /* MVVMRxSwiftPractice */,
			);
		};
/* End PBXProject section */

/* Begin PBXResourcesBuildPhase section */
		5B6E0CF129F6D588000AB57E /* Resources */ = {
			isa = PBXResourcesBuildPhase;
			buildActionMask = 2147483647;
			files = (
				5B6E0D0329F6D589000AB57E /* LaunchScreen.storyboard in Resources */,
				5B6E0D0029F6D589000AB57E /* Assets.xcassets in Resources */,
			);
			runOnlyForDeploymentPostprocessing = 0;
		};
/* End PBXResourcesBuildPhase section */

/* Begin PBXShellScriptBuildPhase section */
		1CB55EDA85D447A2EDD4FD03 /* [CP] Check Pods Manifest.lock */ = {
			isa = PBXShellScriptBuildPhase;
			buildActionMask = 2147483647;
			files = (
			);
			inputFileListPaths = (
			);
			inputPaths = (
				"${PODS_PODFILE_DIR_PATH}/Podfile.lock",
				"${PODS_ROOT}/Manifest.lock",
			);
			name = "[CP] Check Pods Manifest.lock";
			outputFileListPaths = (
			);
			outputPaths = (
				"$(DERIVED_FILE_DIR)/Pods-MVVMRxSwiftPractice-checkManifestLockResult.txt",
			);
			runOnlyForDeploymentPostprocessing = 0;
			shellPath = /bin/sh;
			shellScript = "diff \"${PODS_PODFILE_DIR_PATH}/Podfile.lock\" \"${PODS_ROOT}/Manifest.lock\" > /dev/null\nif [ $? != 0 ] ; then\n    # print error to STDERR\n    echo \"error: The sandbox is not in sync with the Podfile.lock. Run 'pod install' or update your CocoaPods installation.\" >&2\n    exit 1\nfi\n# This output is used by Xcode 'outputs' to avoid re-running this script phase.\necho \"SUCCESS\" > \"${SCRIPT_OUTPUT_FILE_0}\"\n";
			showEnvVarsInLog = 0;
		};
		5F1A0EEBC33BECA7F8AC78B6 /* [CP] Embed Pods Frameworks */ = {
			isa = PBXShellScriptBuildPhase;
			buildActionMask = 2147483647;
			files = (
			);
			inputFileListPaths = (
				"${PODS_ROOT}/Target Support Files/Pods-MVVMRxSwiftPractice/Pods-MVVMRxSwiftPractice-frameworks-${CONFIGURATION}-input-files.xcfilelist",
			);
			name = "[CP] Embed Pods Frameworks";
			outputFileListPaths = (
				"${PODS_ROOT}/Target Support Files/Pods-MVVMRxSwiftPractice/Pods-MVVMRxSwiftPractice-frameworks-${CONFIGURATION}-output-files.xcfilelist",
			);
			runOnlyForDeploymentPostprocessing = 0;
			shellPath = /bin/sh;
			shellScript = "\"${PODS_ROOT}/Target Support Files/Pods-MVVMRxSwiftPractice/Pods-MVVMRxSwiftPractice-frameworks.sh\"\n";
			showEnvVarsInLog = 0;
		};
/* End PBXShellScriptBuildPhase section */

/* Begin PBXSourcesBuildPhase section */
		5B6E0CEF29F6D588000AB57E /* Sources */ = {
			isa = PBXSourcesBuildPhase;
			buildActionMask = 2147483647;
			files = (
				5B6E0CF729F6D588000AB57E /* AppDelegate.swift in Sources */,
				5B6E0D0E29F6D842000AB57E /* Coodinator.swift in Sources */,
				5B6E0CF929F6D588000AB57E /* SceneDelegate.swift in Sources */,
				5B6E0D0C29F6D775000AB57E /* RootViewController.swift in Sources */,
			);
			runOnlyForDeploymentPostprocessing = 0;
		};
/* End PBXSourcesBuildPhase section */

/* Begin PBXVariantGroup section */
		5B6E0D0129F6D589000AB57E /* LaunchScreen.storyboard */ = {
			isa = PBXVariantGroup;
			children = (
				5B6E0D0229F6D589000AB57E /* Base */,
			);
			name = LaunchScreen.storyboard;
			sourceTree = "<group>";
		};
/* End PBXVariantGroup section */

/* Begin XCBuildConfiguration section */
		5B6E0D0529F6D589000AB57E /* Debug */ = {
			isa = XCBuildConfiguration;
			buildSettings = {
				ALWAYS_SEARCH_USER_PATHS = NO;
				CLANG_ANALYZER_NONNULL = YES;
				CLANG_ANALYZER_NUMBER_OBJECT_CONVERSION = YES_AGGRESSIVE;
				CLANG_CXX_LANGUAGE_STANDARD = "gnu++20";
				CLANG_ENABLE_MODULES = YES;
				CLANG_ENABLE_OBJC_ARC = YES;
				CLANG_ENABLE_OBJC_WEAK = YES;
				CLANG_WARN_BLOCK_CAPTURE_AUTORELEASING = YES;
				CLANG_WARN_BOOL_CONVERSION = YES;
				CLANG_WARN_COMMA = YES;
				CLANG_WARN_CONSTANT_CONVERSION = YES;
				CLANG_WARN_DEPRECATED_OBJC_IMPLEMENTATIONS = YES;
				CLANG_WARN_DIRECT_OBJC_ISA_USAGE = YES_ERROR;
				CLANG_WARN_DOCUMENTATION_COMMENTS = YES;
				CLANG_WARN_EMPTY_BODY = YES;
				CLANG_WARN_ENUM_CONVERSION = YES;
				CLANG_WARN_INFINITE_RECURSION = YES;
				CLANG_WARN_INT_CONVERSION = YES;
				CLANG_WARN_NON_LITERAL_NULL_CONVERSION = YES;
				CLANG_WARN_OBJC_IMPLICIT_RETAIN_SELF = YES;
				CLANG_WARN_OBJC_LITERAL_CONVERSION = YES;
				CLANG_WARN_OBJC_ROOT_CLASS = YES_ERROR;
				CLANG_WARN_QUOTED_INCLUDE_IN_FRAMEWORK_HEADER = YES;
				CLANG_WARN_RANGE_LOOP_ANALYSIS = YES;
				CLANG_WARN_STRICT_PROTOTYPES = YES;
				CLANG_WARN_SUSPICIOUS_MOVE = YES;
				CLANG_WARN_UNGUARDED_AVAILABILITY = YES_AGGRESSIVE;
				CLANG_WARN_UNREACHABLE_CODE = YES;
				CLANG_WARN__DUPLICATE_METHOD_MATCH = YES;
				COPY_PHASE_STRIP = NO;
				DEBUG_INFORMATION_FORMAT = dwarf;
				ENABLE_STRICT_OBJC_MSGSEND = YES;
				ENABLE_TESTABILITY = YES;
				GCC_C_LANGUAGE_STANDARD = gnu11;
				GCC_DYNAMIC_NO_PIC = NO;
				GCC_NO_COMMON_BLOCKS = YES;
				GCC_OPTIMIZATION_LEVEL = 0;
				GCC_PREPROCESSOR_DEFINITIONS = (
					"DEBUG=1",
					"$(inherited)",
				);
				GCC_WARN_64_TO_32_BIT_CONVERSION = YES;
				GCC_WARN_ABOUT_RETURN_TYPE = YES_ERROR;
				GCC_WARN_UNDECLARED_SELECTOR = YES;
				GCC_WARN_UNINITIALIZED_AUTOS = YES_AGGRESSIVE;
				GCC_WARN_UNUSED_FUNCTION = YES;
				GCC_WARN_UNUSED_VARIABLE = YES;
				IPHONEOS_DEPLOYMENT_TARGET = 16.4;
				MTL_ENABLE_DEBUG_INFO = INCLUDE_SOURCE;
				MTL_FAST_MATH = YES;
				ONLY_ACTIVE_ARCH = YES;
				SDKROOT = iphoneos;
				SWIFT_ACTIVE_COMPILATION_CONDITIONS = DEBUG;
				SWIFT_OPTIMIZATION_LEVEL = "-Onone";
			};
			name = Debug;
		};
		5B6E0D0629F6D589000AB57E /* Release */ = {
			isa = XCBuildConfiguration;
			buildSettings = {
				ALWAYS_SEARCH_USER_PATHS = NO;
				CLANG_ANALYZER_NONNULL = YES;
				CLANG_ANALYZER_NUMBER_OBJECT_CONVERSION = YES_AGGRESSIVE;
				CLANG_CXX_LANGUAGE_STANDARD = "gnu++20";
				CLANG_ENABLE_MODULES = YES;
				CLANG_ENABLE_OBJC_ARC = YES;
				CLANG_ENABLE_OBJC_WEAK = YES;
				CLANG_WARN_BLOCK_CAPTURE_AUTORELEASING = YES;
				CLANG_WARN_BOOL_CONVERSION = YES;
				CLANG_WARN_COMMA = YES;
				CLANG_WARN_CONSTANT_CONVERSION = YES;
				CLANG_WARN_DEPRECATED_OBJC_IMPLEMENTATIONS = YES;
				CLANG_WARN_DIRECT_OBJC_ISA_USAGE = YES_ERROR;
				CLANG_WARN_DOCUMENTATION_COMMENTS = YES;
				CLANG_WARN_EMPTY_BODY = YES;
				CLANG_WARN_ENUM_CONVERSION = YES;
				CLANG_WARN_INFINITE_RECURSION = YES;
				CLANG_WARN_INT_CONVERSION = YES;
				CLANG_WARN_NON_LITERAL_NULL_CONVERSION = YES;
				CLANG_WARN_OBJC_IMPLICIT_RETAIN_SELF = YES;
				CLANG_WARN_OBJC_LITERAL_CONVERSION = YES;
				CLANG_WARN_OBJC_ROOT_CLASS = YES_ERROR;
				CLANG_WARN_QUOTED_INCLUDE_IN_FRAMEWORK_HEADER = YES;
				CLANG_WARN_RANGE_LOOP_ANALYSIS = YES;
				CLANG_WARN_STRICT_PROTOTYPES = YES;
				CLANG_WARN_SUSPICIOUS_MOVE = YES;
				CLANG_WARN_UNGUARDED_AVAILABILITY = YES_AGGRESSIVE;
				CLANG_WARN_UNREACHABLE_CODE = YES;
				CLANG_WARN__DUPLICATE_METHOD_MATCH = YES;
				COPY_PHASE_STRIP = NO;
				DEBUG_INFORMATION_FORMAT = "dwarf-with-dsym";
				ENABLE_NS_ASSERTIONS = NO;
				ENABLE_STRICT_OBJC_MSGSEND = YES;
				GCC_C_LANGUAGE_STANDARD = gnu11;
				GCC_NO_COMMON_BLOCKS = YES;
				GCC_WARN_64_TO_32_BIT_CONVERSION = YES;
				GCC_WARN_ABOUT_RETURN_TYPE = YES_ERROR;
				GCC_WARN_UNDECLARED_SELECTOR = YES;
				GCC_WARN_UNINITIALIZED_AUTOS = YES_AGGRESSIVE;
				GCC_WARN_UNUSED_FUNCTION = YES;
				GCC_WARN_UNUSED_VARIABLE = YES;
				IPHONEOS_DEPLOYMENT_TARGET = 16.4;
				MTL_ENABLE_DEBUG_INFO = NO;
				MTL_FAST_MATH = YES;
				SDKROOT = iphoneos;
				SWIFT_COMPILATION_MODE = wholemodule;
				SWIFT_OPTIMIZATION_LEVEL = "-O";
				VALIDATE_PRODUCT = YES;
			};
			name = Release;
		};
		5B6E0D0829F6D589000AB57E /* Debug */ = {
			isa = XCBuildConfiguration;
			baseConfigurationReference = 3E0977992D579AE66395755E /* Pods-MVVMRxSwiftPractice.debug.xcconfig */;
			buildSettings = {
				ASSETCATALOG_COMPILER_APPICON_NAME = AppIcon;
				ASSETCATALOG_COMPILER_GLOBAL_ACCENT_COLOR_NAME = AccentColor;
				CODE_SIGN_STYLE = Automatic;
				CURRENT_PROJECT_VERSION = 1;
				GENERATE_INFOPLIST_FILE = YES;
				INFOPLIST_FILE = MVVMRxSwiftPractice/Info.plist;
				INFOPLIST_KEY_UIApplicationSupportsIndirectInputEvents = YES;
				INFOPLIST_KEY_UILaunchStoryboardName = LaunchScreen;
				INFOPLIST_KEY_UISupportedInterfaceOrientations = UIInterfaceOrientationPortrait;
				IPHONEOS_DEPLOYMENT_TARGET = 15.0;
				LD_RUNPATH_SEARCH_PATHS = (
					"$(inherited)",
					"@executable_path/Frameworks",
				);
				MARKETING_VERSION = 1.0;
				PRODUCT_BUNDLE_IDENTIFIER = com.theoJung.MVVMRxSwiftPractice;
				PRODUCT_NAME = "$(TARGET_NAME)";
				SWIFT_EMIT_LOC_STRINGS = YES;
				SWIFT_VERSION = 5.0;
				TARGETED_DEVICE_FAMILY = "1,2";
			};
			name = Debug;
		};
		5B6E0D0929F6D589000AB57E /* Release */ = {
			isa = XCBuildConfiguration;
			baseConfigurationReference = 9F8895C8AA1B2E20504EED57 /* Pods-MVVMRxSwiftPractice.release.xcconfig */;
			buildSettings = {
				ASSETCATALOG_COMPILER_APPICON_NAME = AppIcon;
				ASSETCATALOG_COMPILER_GLOBAL_ACCENT_COLOR_NAME = AccentColor;
				CODE_SIGN_STYLE = Automatic;
				CURRENT_PROJECT_VERSION = 1;
				GENERATE_INFOPLIST_FILE = YES;
				INFOPLIST_FILE = MVVMRxSwiftPractice/Info.plist;
				INFOPLIST_KEY_UIApplicationSupportsIndirectInputEvents = YES;
				INFOPLIST_KEY_UILaunchStoryboardName = LaunchScreen;
				INFOPLIST_KEY_UISupportedInterfaceOrientations = UIInterfaceOrientationPortrait;
				IPHONEOS_DEPLOYMENT_TARGET = 15.0;
				LD_RUNPATH_SEARCH_PATHS = (
					"$(inherited)",
					"@executable_path/Frameworks",
				);
				MARKETING_VERSION = 1.0;
				PRODUCT_BUNDLE_IDENTIFIER = com.theoJung.MVVMRxSwiftPractice;
				PRODUCT_NAME = "$(TARGET_NAME)";
				SWIFT_EMIT_LOC_STRINGS = YES;
				SWIFT_VERSION = 5.0;
				TARGETED_DEVICE_FAMILY = "1,2";
			};
			name = Release;
		};
/* End XCBuildConfiguration section */

/* Begin XCConfigurationList section */
		5B6E0CEE29F6D588000AB57E /* Build configuration list for PBXProject "MVVMRxSwiftPractice" */ = {
			isa = XCConfigurationList;
			buildConfigurations = (
				5B6E0D0529F6D589000AB57E /* Debug */,
				5B6E0D0629F6D589000AB57E /* Release */,
			);
			defaultConfigurationIsVisible = 0;
			defaultConfigurationName = Release;
		};
		5B6E0D0729F6D589000AB57E /* Build configuration list for PBXNativeTarget "MVVMRxSwiftPractice" */ = {
			isa = XCConfigurationList;
			buildConfigurations = (
				5B6E0D0829F6D589000AB57E /* Debug */,
				5B6E0D0929F6D589000AB57E /* Release */,
			);
			defaultConfigurationIsVisible = 0;
			defaultConfigurationName = Release;
		};
/* End XCConfigurationList section */
	};
	rootObject = 5B6E0CEB29F6D588000AB57E /* Project object */;
}
